
Microsoft Visual Studio Solution File, Format Version 12.00
# Visual Studio Version 17
VisualStudioVersion = 17.8.34316.72
MinimumVisualStudioVersion = 10.0.40219.1
Project("{FAE04EC0-301F-11D3-BF4B-00C04F79EFBC}") = "DuAnNhom", "DuAnNhom.csproj", "{E75D1DD1-1C18-44EB-9C45-6F10EF246769}"
EndProject
Global
	GlobalSection(SolutionConfigurationPlatforms) = preSolution
		Debug|Any CPU = Debug|Any CPU
		Release|Any CPU = Release|Any CPU
	EndGlobalSection
	GlobalSection(ProjectConfigurationPlatforms) = postSolution
		{E75D1DD1-1C18-44EB-9C45-6F10EF246769}.Debug|Any CPU.ActiveCfg = Debug|Any CPU
		{E75D1DD1-1C18-44EB-9C45-6F10EF246769}.Debug|Any CPU.Build.0 = Debug|Any CPU
		{E75D1DD1-1C18-44EB-9C45-6F10EF246769}.Release|Any CPU.ActiveCfg = Release|Any CPU
		{E75D1DD1-1C18-44EB-9C45-6F10EF246769}.Release|Any CPU.Build.0 = Release|Any CPU
	EndGlobalSection
	GlobalSection(SolutionProperties) = preSolution
		HideSolutionNode = FALSE
	EndGlobalSection
	GlobalSection(ExtensibilityGlobals) = postSolution
		SolutionGuid = {F4D136C3-9427-45BD-B4B9-2F763DD17DF1}
	EndGlobalSection
EndGlobal
